
Microsoft Visual Studio Solution File, Format Version 12.00
# Visual Studio 15
Project("{FAE04EC0-301F-11D3-BF4B-00C04F79EFBC}") = "Assembly-CSharp", "Assembly-CSharp.csproj", "{4F4804EC-2E3B-DB2C-B8CF-EE664D3E5038}"
EndProject
Project("{FAE04EC0-301F-11D3-BF4B-00C04F79EFBC}") = "Assembly-CSharp-firstpass", "Assembly-CSharp-firstpass.csproj", "{8D27D26C-F7B0-9632-1C41-8B3B63CD29FE}"
EndProject
Project("{FAE04EC0-301F-11D3-BF4B-00C04F79EFBC}") = "Assembly-CSharp-Editor", "Assembly-CSharp-Editor.csproj", "{5AC21D06-75CB-B05E-4A5B-A9D884B80EBF}"
EndProject
Project("{FAE04EC0-301F-11D3-BF4B-00C04F79EFBC}") = "Assembly-CSharp-Editor-firstpass", "Assembly-CSharp-Editor-firstpass.csproj", "{6446D41B-B711-A145-4F10-30F5AE8E7C3D}"
EndProject
Global
	GlobalSection(SolutionConfigurationPlatforms) = preSolution
		Debug|Any CPU = Debug|Any CPU
		Release|Any CPU = Release|Any CPU
	EndGlobalSection
	GlobalSection(ProjectConfigurationPlatforms) = postSolution
		{4F4804EC-2E3B-DB2C-B8CF-EE664D3E5038}.Debug|Any CPU.ActiveCfg = Debug|Any CPU
		{4F4804EC-2E3B-DB2C-B8CF-EE664D3E5038}.Debug|Any CPU.Build.0 = Debug|Any CPU
		{4F4804EC-2E3B-DB2C-B8CF-EE664D3E5038}.Release|Any CPU.ActiveCfg = Release|Any CPU
		{4F4804EC-2E3B-DB2C-B8CF-EE664D3E5038}.Release|Any CPU.Build.0 = Release|Any CPU
		{8D27D26C-F7B0-9632-1C41-8B3B63CD29FE}.Debug|Any CPU.ActiveCfg = Debug|Any CPU
		{8D27D26C-F7B0-9632-1C41-8B3B63CD29FE}.Debug|Any CPU.Build.0 = Debug|Any CPU
		{8D27D26C-F7B0-9632-1C41-8B3B63CD29FE}.Release|Any CPU.ActiveCfg = Release|Any CPU
		{8D27D26C-F7B0-9632-1C41-8B3B63CD29FE}.Release|Any CPU.Build.0 = Release|Any CPU
		{5AC21D06-75CB-B05E-4A5B-A9D884B80EBF}.Debug|Any CPU.ActiveCfg = Debug|Any CPU
		{5AC21D06-75CB-B05E-4A5B-A9D884B80EBF}.Debug|Any CPU.Build.0 = Debug|Any CPU
		{5AC21D06-75CB-B05E-4A5B-A9D884B80EBF}.Release|Any CPU.ActiveCfg = Release|Any CPU
		{5AC21D06-75CB-B05E-4A5B-A9D884B80EBF}.Release|Any CPU.Build.0 = Release|Any CPU
		{6446D41B-B711-A145-4F10-30F5AE8E7C3D}.Debug|Any CPU.ActiveCfg = Debug|Any CPU
		{6446D41B-B711-A145-4F10-30F5AE8E7C3D}.Debug|Any CPU.Build.0 = Debug|Any CPU
		{6446D41B-B711-A145-4F10-30F5AE8E7C3D}.Release|Any CPU.ActiveCfg = Release|Any CPU
		{6446D41B-B711-A145-4F10-30F5AE8E7C3D}.Release|Any CPU.Build.0 = Release|Any CPU
	EndGlobalSection
	GlobalSection(SolutionProperties) = preSolution
		HideSolutionNode = FALSE
	EndGlobalSection
EndGlobal
